# This file is autogenerated, do not edit; changes may be undone by the next 'dep ensure'.


[[projects]]
  digest = "1:ecd9aa82687cf31d1585d4ac61d0ba180e42e8a6182b85bd785fcca8dfeefc1b"
  name = "github.com/joho/godotenv"
  packages = ["."]
  pruneopts = "UT"
  revision = "23d116af351c84513e1946b527c88823e476be13"
  version = "v1.3.0"

[[projects]]
  digest = "1:8f41bbca0d6435bb54d7c090336f7693942cda30f9126eaf3959b8df48721ac3"
  name = "github.com/twinj/uuid"
  packages = ["."]
  pruneopts = "UT"
  revision = "835a10bbd6bce40820349a68b1368a62c3c5617c"
  version = "v1.0.0"

[[projects]]
  digest = "1:afdf67ad4377bb8a3a3fb399e047b0c4241cd3c45a89c0e49ca6a5cdd84e73bf"
  name = "github.com/zenaton/zenaton-go"
  packages = [
    "v1/zenaton",
    "v1/zenaton/errors",
    "v1/zenaton/internal/client",
    "v1/zenaton/internal/engine",
    "v1/zenaton/service",
    "v1/zenaton/service/serializer",
    "v1/zenaton/task",
    "v1/zenaton/workflow",
  ]
  pruneopts = "UT"
  revision = "28250aee7b508c5a55f63d43346745b03439a0bd"
  version = "v0.2.0"

[solve-meta]
  analyzer-name = "dep"
  analyzer-version = 1
  input-imports = [
    "github.com/joho/godotenv",
    "github.com/twinj/uuid",
    "github.com/zenaton/zenaton-go/v1/zenaton",
    "github.com/zenaton/zenaton-go/v1/zenaton/task",
    "github.com/zenaton/zenaton-go/v1/zenaton/workflow",
  ]
  solver-name = "gps-cdcl"
  solver-version = 1
