# This file is autogenerated, do not edit; changes may be undone by the next 'dep ensure'.


[[projects]]
  digest = "1:ecd9aa82687cf31d1585d4ac61d0ba180e42e8a6182b85bd785fcca8dfeefc1b"
  name = "github.com/joho/godotenv"
  packages = ["."]
  pruneopts = "UT"
  revision = "23d116af351c84513e1946b527c88823e476be13"
  version = "v1.3.0"

[[projects]]
  digest = "1:8f41bbca0d6435bb54d7c090336f7693942cda30f9126eaf3959b8df48721ac3"
  name = "github.com/twinj/uuid"
  packages = ["."]
  pruneopts = "UT"
  revision = "835a10bbd6bce40820349a68b1368a62c3c5617c"
  version = "v1.0.0"

[[projects]]
  branch = "master"
  digest = "1:7949f0a196810599f0d169216e88d6ed11016e125ce34eac1ed567112a78ce45"
  name = "github.com/zenaton/zenaton-go"
  packages = [
    "v1/zenaton",
    "v1/zenaton/client",
    "v1/zenaton/engine",
    "v1/zenaton/errors",
    "v1/zenaton/interfaces",
    "v1/zenaton/service",
    "v1/zenaton/service/serializer",
    "v1/zenaton/task",
    "v1/zenaton/workflow",
  ]
  pruneopts = "UT"
  revision = "7030126cceb2db8028f80187b657755e0c6ff1e5"

[solve-meta]
  analyzer-name = "dep"
  analyzer-version = 1
  input-imports = [
    "github.com/joho/godotenv",
    "github.com/twinj/uuid",
    "github.com/zenaton/zenaton-go/v1/zenaton",
    "github.com/zenaton/zenaton-go/v1/zenaton/task",
    "github.com/zenaton/zenaton-go/v1/zenaton/workflow",
  ]
  solver-name = "gps-cdcl"
  solver-version = 1
